
Microsoft Visual Studio Solution File, Format Version 12.00
# Visual Studio Version 17
VisualStudioVersion = 17.0.31903.59
MinimumVisualStudioVersion = 10.0.40219.1
Project("{2150E333-8FDC-42A3-9474-1A3956D46DE8}") = "src", "src", "{B7D8894F-2BBA-4F68-A676-D4D087E6BAA5}"
EndProject
Project("{2150E333-8FDC-42A3-9474-1A3956D46DE8}") = "Services", "Services", "{856D6C25-68CD-4C3A-AF2A-51A6D805CCBE}"
EndProject
Project("{2150E333-8FDC-42A3-9474-1A3956D46DE8}") = "IdentityService", "IdentityService", "{612DFF78-7BE2-4A58-AB4B-90FFED158C2D}"
EndProject
Project("{FAE04EC0-301F-11D3-BF4B-00C04F79EFBC}") = "IdentityService.Domain", "src\Services\IdentityService\IdentityService.Domain\IdentityService.Domain.csproj", "{7CC9F183-A919-4CDA-94B7-E3ED33B71EA3}"
EndProject
Project("{FAE04EC0-301F-11D3-BF4B-00C04F79EFBC}") = "IdentityService.Application", "src\Services\IdentityService\IdentityService.Application\IdentityService.Application.csproj", "{A00F7332-0FFF-4E23-A2F6-FA5F21F44EF3}"
EndProject
Project("{FAE04EC0-301F-11D3-BF4B-00C04F79EFBC}") = "IdentityService.Infrastructure", "src\Services\IdentityService\IdentityService.Infrastructure\IdentityService.Infrastructure.csproj", "{BA64CB09-E105-46F4-BE50-77822BCD7DE6}"
EndProject
Project("{FAE04EC0-301F-11D3-BF4B-00C04F79EFBC}") = "IdentityService.Api", "src\Services\IdentityService\IdentityService.Api\IdentityService.Api.csproj", "{D40BB4C3-6EC2-4C21-951E-37CB0F492062}"
EndProject
Global
	GlobalSection(SolutionConfigurationPlatforms) = preSolution
		Debug|Any CPU = Debug|Any CPU
		Release|Any CPU = Release|Any CPU
	EndGlobalSection
	GlobalSection(SolutionProperties) = preSolution
		HideSolutionNode = FALSE
	EndGlobalSection
	GlobalSection(ProjectConfigurationPlatforms) = postSolution
		{7CC9F183-A919-4CDA-94B7-E3ED33B71EA3}.Debug|Any CPU.ActiveCfg = Debug|Any CPU
		{7CC9F183-A919-4CDA-94B7-E3ED33B71EA3}.Debug|Any CPU.Build.0 = Debug|Any CPU
		{7CC9F183-A919-4CDA-94B7-E3ED33B71EA3}.Release|Any CPU.ActiveCfg = Release|Any CPU
		{7CC9F183-A919-4CDA-94B7-E3ED33B71EA3}.Release|Any CPU.Build.0 = Release|Any CPU
		{A00F7332-0FFF-4E23-A2F6-FA5F21F44EF3}.Debug|Any CPU.ActiveCfg = Debug|Any CPU
		{A00F7332-0FFF-4E23-A2F6-FA5F21F44EF3}.Debug|Any CPU.Build.0 = Debug|Any CPU
		{A00F7332-0FFF-4E23-A2F6-FA5F21F44EF3}.Release|Any CPU.ActiveCfg = Release|Any CPU
		{A00F7332-0FFF-4E23-A2F6-FA5F21F44EF3}.Release|Any CPU.Build.0 = Release|Any CPU
		{BA64CB09-E105-46F4-BE50-77822BCD7DE6}.Debug|Any CPU.ActiveCfg = Debug|Any CPU
		{BA64CB09-E105-46F4-BE50-77822BCD7DE6}.Debug|Any CPU.Build.0 = Debug|Any CPU
		{BA64CB09-E105-46F4-BE50-77822BCD7DE6}.Release|Any CPU.ActiveCfg = Release|Any CPU
		{BA64CB09-E105-46F4-BE50-77822BCD7DE6}.Release|Any CPU.Build.0 = Release|Any CPU
		{D40BB4C3-6EC2-4C21-951E-37CB0F492062}.Debug|Any CPU.ActiveCfg = Debug|Any CPU
		{D40BB4C3-6EC2-4C21-951E-37CB0F492062}.Debug|Any CPU.Build.0 = Debug|Any CPU
		{D40BB4C3-6EC2-4C21-951E-37CB0F492062}.Release|Any CPU.ActiveCfg = Release|Any CPU
		{D40BB4C3-6EC2-4C21-951E-37CB0F492062}.Release|Any CPU.Build.0 = Release|Any CPU
	EndGlobalSection
	GlobalSection(NestedProjects) = preSolution
		{856D6C25-68CD-4C3A-AF2A-51A6D805CCBE} = {B7D8894F-2BBA-4F68-A676-D4D087E6BAA5}
		{612DFF78-7BE2-4A58-AB4B-90FFED158C2D} = {856D6C25-68CD-4C3A-AF2A-51A6D805CCBE}
		{7CC9F183-A919-4CDA-94B7-E3ED33B71EA3} = {612DFF78-7BE2-4A58-AB4B-90FFED158C2D}
		{A00F7332-0FFF-4E23-A2F6-FA5F21F44EF3} = {612DFF78-7BE2-4A58-AB4B-90FFED158C2D}
		{BA64CB09-E105-46F4-BE50-77822BCD7DE6} = {612DFF78-7BE2-4A58-AB4B-90FFED158C2D}
		{D40BB4C3-6EC2-4C21-951E-37CB0F492062} = {612DFF78-7BE2-4A58-AB4B-90FFED158C2D}
	EndGlobalSection
EndGlobal
